
Microsoft Visual Studio Solution File, Format Version 10.00
# Visual Studio 2008
Project("{FAE04EC0-301F-11D3-BF4B-00C04F79EFBC}") = "test", "test\test.csproj", "{6DD37180-8493-4AA6-A934-9235CB0996AF}"
EndProject
Project("{FAE04EC0-301F-11D3-BF4B-00C04F79EFBC}") = "TLBNETTasks", "TLB.NET\TLBNETTasks.csproj", "{720FC596-EF9F-4C54-9A94-8958CCD8255B}"
EndProject
Project("{FAE04EC0-301F-11D3-BF4B-00C04F79EFBC}") = "NAnt.NUnit", "NAnt.NUnit\NAnt.NUnit.csproj", "{00F5C075-9874-4BCE-909A-99C1F600E047}"
EndProject
Project("{FAE04EC0-301F-11D3-BF4B-00C04F79EFBC}") = "NAnt.NUnit2", "NAnt.NUnit\NUnit2\NAnt.NUnit2.csproj", "{47503BEE-27D9-4D1C-B8E1-6C9CCC19AEAA}"
EndProject
Global
	GlobalSection(SolutionConfigurationPlatforms) = preSolution
		Debug|Any CPU = Debug|Any CPU
		Release|Any CPU = Release|Any CPU
	EndGlobalSection
	GlobalSection(ProjectConfigurationPlatforms) = postSolution
		{6DD37180-8493-4AA6-A934-9235CB0996AF}.Debug|Any CPU.ActiveCfg = Debug|Any CPU
		{6DD37180-8493-4AA6-A934-9235CB0996AF}.Debug|Any CPU.Build.0 = Debug|Any CPU
		{6DD37180-8493-4AA6-A934-9235CB0996AF}.Release|Any CPU.ActiveCfg = Release|Any CPU
		{6DD37180-8493-4AA6-A934-9235CB0996AF}.Release|Any CPU.Build.0 = Release|Any CPU
		{720FC596-EF9F-4C54-9A94-8958CCD8255B}.Debug|Any CPU.ActiveCfg = Debug|Any CPU
		{720FC596-EF9F-4C54-9A94-8958CCD8255B}.Debug|Any CPU.Build.0 = Debug|Any CPU
		{720FC596-EF9F-4C54-9A94-8958CCD8255B}.Release|Any CPU.ActiveCfg = Release|Any CPU
		{720FC596-EF9F-4C54-9A94-8958CCD8255B}.Release|Any CPU.Build.0 = Release|Any CPU
		{00F5C075-9874-4BCE-909A-99C1F600E047}.Debug|Any CPU.ActiveCfg = Debug|Any CPU
		{00F5C075-9874-4BCE-909A-99C1F600E047}.Debug|Any CPU.Build.0 = Debug|Any CPU
		{00F5C075-9874-4BCE-909A-99C1F600E047}.Release|Any CPU.ActiveCfg = Debug|Any CPU
		{00F5C075-9874-4BCE-909A-99C1F600E047}.Release|Any CPU.Build.0 = Debug|Any CPU
		{47503BEE-27D9-4D1C-B8E1-6C9CCC19AEAA}.Debug|Any CPU.ActiveCfg = Debug|Any CPU
		{47503BEE-27D9-4D1C-B8E1-6C9CCC19AEAA}.Debug|Any CPU.Build.0 = Debug|Any CPU
		{47503BEE-27D9-4D1C-B8E1-6C9CCC19AEAA}.Release|Any CPU.ActiveCfg = Debug|Any CPU
		{47503BEE-27D9-4D1C-B8E1-6C9CCC19AEAA}.Release|Any CPU.Build.0 = Debug|Any CPU
	EndGlobalSection
	GlobalSection(SolutionProperties) = preSolution
		HideSolutionNode = FALSE
	EndGlobalSection
EndGlobal
